
Microsoft Visual Studio Solution File, Format Version 12.00
# Visual Studio Version 17
VisualStudioVersion = 17.14.36127.28 d17.14
MinimumVisualStudioVersion = 10.0.40219.1
Project("{FAE04EC0-301F-11D3-BF4B-00C04F79EFBC}") = "Mini-AMS", "Mini-AMS\Mini-AMS.csproj", "{22FB43AA-B6D8-4A6A-AF28-2B8529A1AC5A}"
EndProject
Global
	GlobalSection(SolutionConfigurationPlatforms) = preSolution
		Debug|Any CPU = Debug|Any CPU
		Release|Any CPU = Release|Any CPU
	EndGlobalSection
	GlobalSection(ProjectConfigurationPlatforms) = postSolution
		{22FB43AA-B6D8-4A6A-AF28-2B8529A1AC5A}.Debug|Any CPU.ActiveCfg = Debug|Any CPU
		{22FB43AA-B6D8-4A6A-AF28-2B8529A1AC5A}.Debug|Any CPU.Build.0 = Debug|Any CPU
		{22FB43AA-B6D8-4A6A-AF28-2B8529A1AC5A}.Release|Any CPU.ActiveCfg = Release|Any CPU
		{22FB43AA-B6D8-4A6A-AF28-2B8529A1AC5A}.Release|Any CPU.Build.0 = Release|Any CPU
	EndGlobalSection
	GlobalSection(SolutionProperties) = preSolution
		HideSolutionNode = FALSE
	EndGlobalSection
	GlobalSection(ExtensibilityGlobals) = postSolution
		SolutionGuid = {0AC81D26-C0B1-4A97-B4B6-607A4A26BE86}
	EndGlobalSection
EndGlobal
